
Microsoft Visual Studio Solution File, Format Version 12.00
# Visual Studio Version 16
VisualStudioVersion = 16.0.30717.126
MinimumVisualStudioVersion = 10.0.40219.1
Project("{9A19103F-16F7-4668-BE54-9A1E7A4F7556}") = "Total_Auto_API", "TX_API\Total_Auto_API.csproj", "{182F72EC-053E-423A-8799-55C4873DD532}"
EndProject
Project("{9A19103F-16F7-4668-BE54-9A1E7A4F7556}") = "Total_Auto_Model", "TX_Model\Total_Auto_Model.csproj", "{99CFDA70-768E-4C88-B5C1-17DA9A6CF418}"
EndProject
Project("{9A19103F-16F7-4668-BE54-9A1E7A4F7556}") = "Total_Auto_DAL", "TX_DAL\Total_Auto_DAL.csproj", "{4119BA8B-71CC-4710-9090-547B83DBE767}"
EndProject
Project("{9A19103F-16F7-4668-BE54-9A1E7A4F7556}") = "Total_Auto_BLL", "TX_BLL\Total_Auto_BLL.csproj", "{3C9461BA-DFAB-4C7C-82A0-B08CBC1141B2}"
EndProject
Global
	GlobalSection(SolutionConfigurationPlatforms) = preSolution
		Debug|Any CPU = Debug|Any CPU
		Release|Any CPU = Release|Any CPU
	EndGlobalSection
	GlobalSection(ProjectConfigurationPlatforms) = postSolution
		{182F72EC-053E-423A-8799-55C4873DD532}.Debug|Any CPU.ActiveCfg = Debug|Any CPU
		{182F72EC-053E-423A-8799-55C4873DD532}.Debug|Any CPU.Build.0 = Debug|Any CPU
		{182F72EC-053E-423A-8799-55C4873DD532}.Release|Any CPU.ActiveCfg = Release|Any CPU
		{182F72EC-053E-423A-8799-55C4873DD532}.Release|Any CPU.Build.0 = Release|Any CPU
		{99CFDA70-768E-4C88-B5C1-17DA9A6CF418}.Debug|Any CPU.ActiveCfg = Debug|Any CPU
		{99CFDA70-768E-4C88-B5C1-17DA9A6CF418}.Debug|Any CPU.Build.0 = Debug|Any CPU
		{99CFDA70-768E-4C88-B5C1-17DA9A6CF418}.Release|Any CPU.ActiveCfg = Release|Any CPU
		{99CFDA70-768E-4C88-B5C1-17DA9A6CF418}.Release|Any CPU.Build.0 = Release|Any CPU
		{4119BA8B-71CC-4710-9090-547B83DBE767}.Debug|Any CPU.ActiveCfg = Debug|Any CPU
		{4119BA8B-71CC-4710-9090-547B83DBE767}.Debug|Any CPU.Build.0 = Debug|Any CPU
		{4119BA8B-71CC-4710-9090-547B83DBE767}.Release|Any CPU.ActiveCfg = Release|Any CPU
		{4119BA8B-71CC-4710-9090-547B83DBE767}.Release|Any CPU.Build.0 = Release|Any CPU
		{3C9461BA-DFAB-4C7C-82A0-B08CBC1141B2}.Debug|Any CPU.ActiveCfg = Debug|Any CPU
		{3C9461BA-DFAB-4C7C-82A0-B08CBC1141B2}.Debug|Any CPU.Build.0 = Debug|Any CPU
		{3C9461BA-DFAB-4C7C-82A0-B08CBC1141B2}.Release|Any CPU.ActiveCfg = Release|Any CPU
		{3C9461BA-DFAB-4C7C-82A0-B08CBC1141B2}.Release|Any CPU.Build.0 = Release|Any CPU
	EndGlobalSection
	GlobalSection(SolutionProperties) = preSolution
		HideSolutionNode = FALSE
	EndGlobalSection
	GlobalSection(ExtensibilityGlobals) = postSolution
		SolutionGuid = {B9F936B2-440D-4484-BC4E-7D9DD4E33468}
	EndGlobalSection
EndGlobal
